// !$*UTF8*$!
{
	archiveVersion = 1;
	classes = {
	};
	objectVersion = 46;
	objects = {

/* Begin PBXBuildFile section */
		32D94FC60562CBF700B6AF17 /* osx_bcm5906m.h in Headers */ = {isa = PBXBuildFile; fileRef = 1A224C3EFF42367911CA2CB7 /* osx_bcm5906m.h */; };
		32D94FC80562CBF700B6AF17 /* InfoPlist.strings in Resources */ = {isa = PBXBuildFile; fileRef = 089C167DFE841241C02AAC07 /* InfoPlist.strings */; };
		32D94FCA0562CBF700B6AF17 /* osx_bcm5906m.cpp in Sources */ = {isa = PBXBuildFile; fileRef = 1A224C3FFF42367911CA2CB7 /* osx_bcm5906m.cpp */; settings = {ATTRIBUTES = (); }; };
		CE69238B12FE353E00E53F29 /* osx_bcm5906m_reg.h in Headers */ = {isa = PBXBuildFile; fileRef = CE69238A12FE353E00E53F29 /* osx_bcm5906m_reg.h */; };
		CEB4B2DD1331B45500F0A104 /* Readme.txt in Resources */ = {isa = PBXBuildFile; fileRef = CEB4B2DC1331B45500F0A104 /* Readme.txt */; };
		CEB4B2E11331B46000F0A104 /* Licence.txt in Resources */ = {isa = PBXBuildFile; fileRef = CEB4B2E01331B46000F0A104 /* Licence.txt */; };
		CEC704C013314F8B0007D427 /* osx_bcm5906m_chip.cpp in Sources */ = {isa = PBXBuildFile; fileRef = CEC704BE13314F8B0007D427 /* osx_bcm5906m_chip.cpp */; };
		CEC704DC1331505B0007D427 /* osx_bcm5906m_rx.cpp in Sources */ = {isa = PBXBuildFile; fileRef = CEC704DA1331505B0007D427 /* osx_bcm5906m_rx.cpp */; };
		CEC704E0133150620007D427 /* osx_bcm5906m_tx.cpp in Sources */ = {isa = PBXBuildFile; fileRef = CEC704DE133150620007D427 /* osx_bcm5906m_tx.cpp */; };
		CEC704E51331513A0007D427 /* osx_bcm5906m_phy.cpp in Sources */ = {isa = PBXBuildFile; fileRef = CEC704E41331513A0007D427 /* osx_bcm5906m_phy.cpp */; };
/* End PBXBuildFile section */

/* Begin PBXFileReference section */
		089C167EFE841241C02AAC07 /* English */ = {isa = PBXFileReference; fileEncoding = 4; lastKnownFileType = text.plist.strings; name = English; path = English.lproj/InfoPlist.strings; sourceTree = "<group>"; };
		1A224C3EFF42367911CA2CB7 /* osx_bcm5906m.h */ = {isa = PBXFileReference; fileEncoding = 4; lastKnownFileType = sourcecode.c.h; path = osx_bcm5906m.h; sourceTree = "<group>"; };
		1A224C3FFF42367911CA2CB7 /* osx_bcm5906m.cpp */ = {isa = PBXFileReference; fileEncoding = 4; lastKnownFileType = sourcecode.cpp.cpp; path = osx_bcm5906m.cpp; sourceTree = "<group>"; };
		32D94FCF0562CBF700B6AF17 /* Info.plist */ = {isa = PBXFileReference; lastKnownFileType = text.plist.xml; path = Info.plist; sourceTree = "<group>"; };
		32D94FD00562CBF700B6AF17 /* BCM5906MEthernet.kext */ = {isa = PBXFileReference; explicitFileType = wrapper.cfbundle; includeInIndex = 0; path = BCM5906MEthernet.kext; sourceTree = BUILT_PRODUCTS_DIR; };
		8DA8362C06AD9B9200E5AC22 /* Kernel.framework */ = {isa = PBXFileReference; lastKnownFileType = wrapper.framework; name = Kernel.framework; path = /System/Library/Frameworks/Kernel.framework; sourceTree = "<absolute>"; };
		CE69238A12FE353E00E53F29 /* osx_bcm5906m_reg.h */ = {isa = PBXFileReference; fileEncoding = 4; lastKnownFileType = sourcecode.c.h; path = osx_bcm5906m_reg.h; sourceTree = "<group>"; };
		CEB4B2DC1331B45500F0A104 /* Readme.txt */ = {isa = PBXFileReference; fileEncoding = 4; lastKnownFileType = text; path = Readme.txt; sourceTree = "<group>"; };
		CEB4B2E01331B46000F0A104 /* Licence.txt */ = {isa = PBXFileReference; fileEncoding = 4; lastKnownFileType = text; path = Licence.txt; sourceTree = "<group>"; };
		CEC704BE13314F8B0007D427 /* osx_bcm5906m_chip.cpp */ = {isa = PBXFileReference; fileEncoding = 4; lastKnownFileType = sourcecode.cpp.cpp; path = osx_bcm5906m_chip.cpp; sourceTree = "<group>"; };
		CEC704DA1331505B0007D427 /* osx_bcm5906m_rx.cpp */ = {isa = PBXFileReference; fileEncoding = 4; lastKnownFileType = sourcecode.cpp.cpp; path = osx_bcm5906m_rx.cpp; sourceTree = "<group>"; };
		CEC704DE133150620007D427 /* osx_bcm5906m_tx.cpp */ = {isa = PBXFileReference; fileEncoding = 4; lastKnownFileType = sourcecode.cpp.cpp; path = osx_bcm5906m_tx.cpp; sourceTree = "<group>"; };
		CEC704E41331513A0007D427 /* osx_bcm5906m_phy.cpp */ = {isa = PBXFileReference; fileEncoding = 4; lastKnownFileType = sourcecode.cpp.cpp; path = osx_bcm5906m_phy.cpp; sourceTree = "<group>"; };
/* End PBXFileReference section */

/* Begin PBXFrameworksBuildPhase section */
		32D94FCB0562CBF700B6AF17 /* Frameworks */ = {
			isa = PBXFrameworksBuildPhase;
			buildActionMask = 2147483647;
			files = (
			);
			runOnlyForDeploymentPostprocessing = 0;
		};
/* End PBXFrameworksBuildPhase section */

/* Begin PBXGroup section */
		089C166AFE841209C02AAC07 /* osx_bcm5906m */ = {
			isa = PBXGroup;
			children = (
				CEB4B2DC1331B45500F0A104 /* Readme.txt */,
				247142CAFF3F8F9811CA285C /* Source */,
				8DA8362C06AD9B9200E5AC22 /* Kernel.framework */,
				089C167CFE841241C02AAC07 /* Resources */,
				19C28FB6FE9D52B211CA2CBB /* Products */,
				CEB4B2E01331B46000F0A104 /* Licence.txt */,
			);
			name = osx_bcm5906m;
			sourceTree = "<group>";
		};
		089C167CFE841241C02AAC07 /* Resources */ = {
			isa = PBXGroup;
			children = (
				32D94FCF0562CBF700B6AF17 /* Info.plist */,
				089C167DFE841241C02AAC07 /* InfoPlist.strings */,
			);
			name = Resources;
			sourceTree = "<group>";
		};
		19C28FB6FE9D52B211CA2CBB /* Products */ = {
			isa = PBXGroup;
			children = (
				32D94FD00562CBF700B6AF17 /* BCM5906MEthernet.kext */,
			);
			name = Products;
			sourceTree = "<group>";
		};
		247142CAFF3F8F9811CA285C /* Source */ = {
			isa = PBXGroup;
			children = (
				CE69238A12FE353E00E53F29 /* osx_bcm5906m_reg.h */,
				CEC704BE13314F8B0007D427 /* osx_bcm5906m_chip.cpp */,
				1A224C3EFF42367911CA2CB7 /* osx_bcm5906m.h */,
				1A224C3FFF42367911CA2CB7 /* osx_bcm5906m.cpp */,
				CEC704DA1331505B0007D427 /* osx_bcm5906m_rx.cpp */,
				CEC704DE133150620007D427 /* osx_bcm5906m_tx.cpp */,
				CEC704E41331513A0007D427 /* osx_bcm5906m_phy.cpp */,
			);
			name = Source;
			sourceTree = "<group>";
		};
/* End PBXGroup section */

/* Begin PBXHeadersBuildPhase section */
		32D94FC50562CBF700B6AF17 /* Headers */ = {
			isa = PBXHeadersBuildPhase;
			buildActionMask = 2147483647;
			files = (
				32D94FC60562CBF700B6AF17 /* osx_bcm5906m.h in Headers */,
				CE69238B12FE353E00E53F29 /* osx_bcm5906m_reg.h in Headers */,
			);
			runOnlyForDeploymentPostprocessing = 0;
		};
/* End PBXHeadersBuildPhase section */

/* Begin PBXNativeTarget section */
		32D94FC30562CBF700B6AF17 /* BCM5906MEthernet */ = {
			isa = PBXNativeTarget;
			buildConfigurationList = 1DEB91D908733DB10010E9CD /* Build configuration list for PBXNativeTarget "BCM5906MEthernet" */;
			buildPhases = (
				32D94FC50562CBF700B6AF17 /* Headers */,
				32D94FC70562CBF700B6AF17 /* Resources */,
				32D94FC90562CBF700B6AF17 /* Sources */,
				32D94FCB0562CBF700B6AF17 /* Frameworks */,
				32D94FCC0562CBF700B6AF17 /* Rez */,
			);
			buildRules = (
			);
			dependencies = (
			);
			name = BCM5906MEthernet;
			productInstallPath = "$(SYSTEM_LIBRARY_DIR)/Extensions";
			productName = osx_bcm5906m;
			productReference = 32D94FD00562CBF700B6AF17 /* BCM5906MEthernet.kext */;
			productType = "com.apple.product-type.kernel-extension.iokit";
		};
/* End PBXNativeTarget section */

/* Begin PBXProject section */
		089C1669FE841209C02AAC07 /* Project object */ = {
			isa = PBXProject;
			attributes = {
				LastUpgradeCheck = 0460;
			};
			buildConfigurationList = 1DEB91DD08733DB10010E9CD /* Build configuration list for PBXProject "osx_bcm5906m" */;
			compatibilityVersion = "Xcode 3.2";
			developmentRegion = English;
			hasScannedForEncodings = 1;
			knownRegions = (
				en,
			);
			mainGroup = 089C166AFE841209C02AAC07 /* osx_bcm5906m */;
			projectDirPath = "";
			projectRoot = "";
			targets = (
				32D94FC30562CBF700B6AF17 /* BCM5906MEthernet */,
			);
		};
/* End PBXProject section */

/* Begin PBXResourcesBuildPhase section */
		32D94FC70562CBF700B6AF17 /* Resources */ = {
			isa = PBXResourcesBuildPhase;
			buildActionMask = 2147483647;
			files = (
				32D94FC80562CBF700B6AF17 /* InfoPlist.strings in Resources */,
				CEB4B2DD1331B45500F0A104 /* Readme.txt in Resources */,
				CEB4B2E11331B46000F0A104 /* Licence.txt in Resources */,
			);
			runOnlyForDeploymentPostprocessing = 0;
		};
/* End PBXResourcesBuildPhase section */

/* Begin PBXRezBuildPhase section */
		32D94FCC0562CBF700B6AF17 /* Rez */ = {
			isa = PBXRezBuildPhase;
			buildActionMask = 2147483647;
			files = (
			);
			runOnlyForDeploymentPostprocessing = 0;
		};
/* End PBXRezBuildPhase section */

/* Begin PBXSourcesBuildPhase section */
		32D94FC90562CBF700B6AF17 /* Sources */ = {
			isa = PBXSourcesBuildPhase;
			buildActionMask = 2147483647;
			files = (
				32D94FCA0562CBF700B6AF17 /* osx_bcm5906m.cpp in Sources */,
				CEC704C013314F8B0007D427 /* osx_bcm5906m_chip.cpp in Sources */,
				CEC704DC1331505B0007D427 /* osx_bcm5906m_rx.cpp in Sources */,
				CEC704E0133150620007D427 /* osx_bcm5906m_tx.cpp in Sources */,
				CEC704E51331513A0007D427 /* osx_bcm5906m_phy.cpp in Sources */,
			);
			runOnlyForDeploymentPostprocessing = 0;
		};
/* End PBXSourcesBuildPhase section */

/* Begin PBXVariantGroup section */
		089C167DFE841241C02AAC07 /* InfoPlist.strings */ = {
			isa = PBXVariantGroup;
			children = (
				089C167EFE841241C02AAC07 /* English */,
			);
			name = InfoPlist.strings;
			sourceTree = "<group>";
		};
/* End PBXVariantGroup section */

/* Begin XCBuildConfiguration section */
		1DEB91DA08733DB10010E9CD /* Debug */ = {
			isa = XCBuildConfiguration;
			buildSettings = {
				COMBINE_HIDPI_IMAGES = YES;
				COPY_PHASE_STRIP = NO;
				CURRENT_PROJECT_VERSION = 1.0.0d1;
				GCC_OPTIMIZATION_LEVEL = 0;
				INFOPLIST_FILE = Info.plist;
				INSTALL_PATH = "$(SYSTEM_LIBRARY_DIR)/Extensions";
				MODULE_NAME = com.yourcompany.driver.osx_bcm5906m;
				MODULE_VERSION = 1.0.0d1;
				PRODUCT_NAME = BCM5906MEthernet;
				WRAPPER_EXTENSION = kext;
			};
			name = Debug;
		};
		1DEB91DB08733DB10010E9CD /* Release */ = {
			isa = XCBuildConfiguration;
			buildSettings = {
				COMBINE_HIDPI_IMAGES = YES;
				CURRENT_PROJECT_VERSION = 1.0.0d1;
				INFOPLIST_FILE = Info.plist;
				INSTALL_PATH = "$(SYSTEM_LIBRARY_DIR)/Extensions";
				MODULE_NAME = com.yourcompany.driver.osx_bcm5906m;
				MODULE_VERSION = 1.0.0d1;
				PRODUCT_NAME = BCM5906MEthernet;
				WRAPPER_EXTENSION = kext;
			};
			name = Release;
		};
		1DEB91DE08733DB10010E9CD /* Debug */ = {
			isa = XCBuildConfiguration;
			buildSettings = {
				ARCHS = "$(ARCHS_STANDARD_32_64_BIT)";
				GCC_OPTIMIZATION_LEVEL = 0;
			};
			name = Debug;
		};
		1DEB91DF08733DB10010E9CD /* Release */ = {
			isa = XCBuildConfiguration;
			buildSettings = {
				ARCHS = "$(ARCHS_STANDARD_32_64_BIT)";
			};
			name = Release;
		};
/* End XCBuildConfiguration section */

/* Begin XCConfigurationList section */
		1DEB91D908733DB10010E9CD /* Build configuration list for PBXNativeTarget "BCM5906MEthernet" */ = {
			isa = XCConfigurationList;
			buildConfigurations = (
				1DEB91DA08733DB10010E9CD /* Debug */,
				1DEB91DB08733DB10010E9CD /* Release */,
			);
			defaultConfigurationIsVisible = 0;
			defaultConfigurationName = Release;
		};
		1DEB91DD08733DB10010E9CD /* Build configuration list for PBXProject "osx_bcm5906m" */ = {
			isa = XCConfigurationList;
			buildConfigurations = (
				1DEB91DE08733DB10010E9CD /* Debug */,
				1DEB91DF08733DB10010E9CD /* Release */,
			);
			defaultConfigurationIsVisible = 0;
			defaultConfigurationName = Release;
		};
/* End XCConfigurationList section */
	};
	rootObject = 089C1669FE841209C02AAC07 /* Project object */;
}
